// !$*UTF8*$!
{
	archiveVersion = 1;
	classes = {
	};
	objectVersion = 56;
	objects = {

/* Begin PBXBuildFile section */
		098091B02920D14300CB5936 /* AppDelegate.swift in Sources */ = {isa = PBXBuildFile; fileRef = 098091AF2920D14300CB5936 /* AppDelegate.swift */; };
		098091B22920D14600CB5936 /* SceneDelegate.swift in Sources */ = {isa = PBXBuildFile; fileRef = 098091B12920D14600CB5936 /* SceneDelegate.swift */; };
		098091B42920D14600CB5936 /* MainViewController.swift in Sources */ = {isa = PBXBuildFile; fileRef = 098091B32920D14600CB5936 /* MainViewController.swift */; };
		098091B92920D14800CB5936 /* Assets.xcassets in Resources */ = {isa = PBXBuildFile; fileRef = 098091B82920D14800CB5936 /* Assets.xcassets */; };
		098091BC2920D14800CB5936 /* LaunchScreen.storyboard in Resources */ = {isa = PBXBuildFile; fileRef = 098091BA2920D14800CB5936 /* LaunchScreen.storyboard */; };
		098091C62920D5ED00CB5936 /* GoogleService-Info.plist in Resources */ = {isa = PBXBuildFile; fileRef = 098091C52920D5ED00CB5936 /* GoogleService-Info.plist */; };
		098091C92920D6A300CB5936 /* FirebaseAnalytics in Frameworks */ = {isa = PBXBuildFile; productRef = 098091C82920D6A300CB5936 /* FirebaseAnalytics */; };
		098091CB2920D6A400CB5936 /* FirebaseAuth in Frameworks */ = {isa = PBXBuildFile; productRef = 098091CA2920D6A300CB5936 /* FirebaseAuth */; };
		098091CD2920D6A400CB5936 /* FirebaseCrashlytics in Frameworks */ = {isa = PBXBuildFile; productRef = 098091CC2920D6A400CB5936 /* FirebaseCrashlytics */; };
		098091CF2920D6A400CB5936 /* FirebaseDatabase in Frameworks */ = {isa = PBXBuildFile; productRef = 098091CE2920D6A400CB5936 /* FirebaseDatabase */; };
		098091D12920D6A400CB5936 /* FirebaseFirestore in Frameworks */ = {isa = PBXBuildFile; productRef = 098091D02920D6A400CB5936 /* FirebaseFirestore */; };
		098091D32920D6A400CB5936 /* FirebaseStorage in Frameworks */ = {isa = PBXBuildFile; productRef = 098091D22920D6A400CB5936 /* FirebaseStorage */; };
		098091D72920DC1B00CB5936 /* Realm in Frameworks */ = {isa = PBXBuildFile; productRef = 098091D62920DC1B00CB5936 /* Realm */; };
		098091D92920DC1B00CB5936 /* RealmSwift in Frameworks */ = {isa = PBXBuildFile; productRef = 098091D82920DC1B00CB5936 /* RealmSwift */; };
		098091DC2920DE2700CB5936 /* WordModel.swift in Sources */ = {isa = PBXBuildFile; fileRef = 098091DB2920DE2700CB5936 /* WordModel.swift */; };
		098091DF2920DF7E00CB5936 /* RealmManager.swift in Sources */ = {isa = PBXBuildFile; fileRef = 098091DE2920DF7E00CB5936 /* RealmManager.swift */; };
		098091E42921006800CB5936 /* ViewControllerViewModel.swift in Sources */ = {isa = PBXBuildFile; fileRef = 098091E32921006800CB5936 /* ViewControllerViewModel.swift */; };
		098091E7292100AD00CB5936 /* Coordinator.swift in Sources */ = {isa = PBXBuildFile; fileRef = 098091E6292100AD00CB5936 /* Coordinator.swift */; };
		098091E9292116C900CB5936 /* BaseViewController.swift in Sources */ = {isa = PBXBuildFile; fileRef = 098091E8292116C900CB5936 /* BaseViewController.swift */; };
		098091EC2921525E00CB5936 /* MainViewControllerCell.swift in Sources */ = {isa = PBXBuildFile; fileRef = 098091EB2921525E00CB5936 /* MainViewControllerCell.swift */; };
		098091EE29216E7A00CB5936 /* MainCellViewModel.swift in Sources */ = {isa = PBXBuildFile; fileRef = 098091ED29216E7A00CB5936 /* MainCellViewModel.swift */; };
		09A03FA92923CDD2004E610B /* Localizable.strings in Resources */ = {isa = PBXBuildFile; fileRef = 09A03FA82923CDD2004E610B /* Localizable.strings */; };
		09A03FAB2923D382004E610B /* assets-images.swift in Sources */ = {isa = PBXBuildFile; fileRef = 09A03FAA2923D382004E610B /* assets-images.swift */; };
		09A03FAF2923D3C1004E610B /* strings.swift in Sources */ = {isa = PBXBuildFile; fileRef = 09A03FAE2923D3C1004E610B /* strings.swift */; };
/* End PBXBuildFile section */

/* Begin PBXFileReference section */
		098091AC2920D14300CB5936 /* BlockedByEng.app */ = {isa = PBXFileReference; explicitFileType = wrapper.application; includeInIndex = 0; path = BlockedByEng.app; sourceTree = BUILT_PRODUCTS_DIR; };
		098091AF2920D14300CB5936 /* AppDelegate.swift */ = {isa = PBXFileReference; lastKnownFileType = sourcecode.swift; path = AppDelegate.swift; sourceTree = "<group>"; };
		098091B12920D14600CB5936 /* SceneDelegate.swift */ = {isa = PBXFileReference; lastKnownFileType = sourcecode.swift; path = SceneDelegate.swift; sourceTree = "<group>"; };
		098091B32920D14600CB5936 /* MainViewController.swift */ = {isa = PBXFileReference; lastKnownFileType = sourcecode.swift; path = MainViewController.swift; sourceTree = "<group>"; };
		098091B82920D14800CB5936 /* Assets.xcassets */ = {isa = PBXFileReference; lastKnownFileType = folder.assetcatalog; path = Assets.xcassets; sourceTree = "<group>"; };
		098091BB2920D14800CB5936 /* Base */ = {isa = PBXFileReference; lastKnownFileType = file.storyboard; name = Base; path = Base.lproj/LaunchScreen.storyboard; sourceTree = "<group>"; };
		098091BD2920D14800CB5936 /* Info.plist */ = {isa = PBXFileReference; lastKnownFileType = text.plist.xml; path = Info.plist; sourceTree = "<group>"; };
		098091C52920D5ED00CB5936 /* GoogleService-Info.plist */ = {isa = PBXFileReference; fileEncoding = 4; lastKnownFileType = text.plist.xml; path = "GoogleService-Info.plist"; sourceTree = "<group>"; };
		098091DB2920DE2700CB5936 /* WordModel.swift */ = {isa = PBXFileReference; lastKnownFileType = sourcecode.swift; path = WordModel.swift; sourceTree = "<group>"; };
		098091DE2920DF7E00CB5936 /* RealmManager.swift */ = {isa = PBXFileReference; lastKnownFileType = sourcecode.swift; path = RealmManager.swift; sourceTree = "<group>"; };
		098091E32921006800CB5936 /* ViewControllerViewModel.swift */ = {isa = PBXFileReference; lastKnownFileType = sourcecode.swift; path = ViewControllerViewModel.swift; sourceTree = "<group>"; };
		098091E6292100AD00CB5936 /* Coordinator.swift */ = {isa = PBXFileReference; lastKnownFileType = sourcecode.swift; path = Coordinator.swift; sourceTree = "<group>"; };
		098091E8292116C900CB5936 /* BaseViewController.swift */ = {isa = PBXFileReference; lastKnownFileType = sourcecode.swift; path = BaseViewController.swift; sourceTree = "<group>"; };
		098091EB2921525E00CB5936 /* MainViewControllerCell.swift */ = {isa = PBXFileReference; lastKnownFileType = sourcecode.swift; path = MainViewControllerCell.swift; sourceTree = "<group>"; };
		098091ED29216E7A00CB5936 /* MainCellViewModel.swift */ = {isa = PBXFileReference; lastKnownFileType = sourcecode.swift; path = MainCellViewModel.swift; sourceTree = "<group>"; };
		09A03FA82923CDD2004E610B /* Localizable.strings */ = {isa = PBXFileReference; lastKnownFileType = text.plist.strings; path = Localizable.strings; sourceTree = "<group>"; };
		09A03FAA2923D382004E610B /* assets-images.swift */ = {isa = PBXFileReference; lastKnownFileType = sourcecode.swift; path = "assets-images.swift"; sourceTree = "<group>"; };
		09A03FAE2923D3C1004E610B /* strings.swift */ = {isa = PBXFileReference; lastKnownFileType = sourcecode.swift; path = strings.swift; sourceTree = "<group>"; };
		09B6D8D129227A9300215E43 /* BlockedByEng.entitlements */ = {isa = PBXFileReference; fileEncoding = 4; lastKnownFileType = text.plist.entitlements; name = BlockedByEng.entitlements; path = BlockedByEng/BlockedByEng.entitlements; sourceTree = "<group>"; };
/* End PBXFileReference section */

/* Begin PBXFrameworksBuildPhase section */
		098091A92920D14300CB5936 /* Frameworks */ = {
			isa = PBXFrameworksBuildPhase;
			buildActionMask = 2147483647;
			files = (
				098091D92920DC1B00CB5936 /* RealmSwift in Frameworks */,
				098091D72920DC1B00CB5936 /* Realm in Frameworks */,
				098091CD2920D6A400CB5936 /* FirebaseCrashlytics in Frameworks */,
				098091C92920D6A300CB5936 /* FirebaseAnalytics in Frameworks */,
				098091CF2920D6A400CB5936 /* FirebaseDatabase in Frameworks */,
				098091D12920D6A400CB5936 /* FirebaseFirestore in Frameworks */,
				098091CB2920D6A400CB5936 /* FirebaseAuth in Frameworks */,
				098091D32920D6A400CB5936 /* FirebaseStorage in Frameworks */,
			);
			runOnlyForDeploymentPostprocessing = 0;
		};
/* End PBXFrameworksBuildPhase section */

/* Begin PBXGroup section */
		098091A32920D14300CB5936 = {
			isa = PBXGroup;
			children = (
				098091AE2920D14300CB5936 /* BlockedByEng */,
				098091BD2920D14800CB5936 /* Info.plist */,
				09B6D8D129227A9300215E43 /* BlockedByEng.entitlements */,
				098091AD2920D14300CB5936 /* Products */,
			);
			sourceTree = "<group>";
		};
		098091AD2920D14300CB5936 /* Products */ = {
			isa = PBXGroup;
			children = (
				098091AC2920D14300CB5936 /* BlockedByEng.app */,
			);
			name = Products;
			sourceTree = "<group>";
		};
		098091AE2920D14300CB5936 /* BlockedByEng */ = {
			isa = PBXGroup;
			children = (
				098091E02920E08300CB5936 /* ViewControllers */,
				098091DD2920DF6C00CB5936 /* RealmManager */,
				098091DA2920DE1200CB5936 /* Models */,
				098091C42920D5ED00CB5936 /* FireBase */,
				098091C32920D54500CB5936 /* Defaults */,
				09A03FA52923CD81004E610B /* Resources */,
				098091E52921009600CB5936 /* Coordinator */,
			);
			path = BlockedByEng;
			sourceTree = "<group>";
		};
		098091C32920D54500CB5936 /* Defaults */ = {
			isa = PBXGroup;
			children = (
				098091B12920D14600CB5936 /* SceneDelegate.swift */,
				098091AF2920D14300CB5936 /* AppDelegate.swift */,
			);
			path = Defaults;
			sourceTree = "<group>";
		};
		098091C42920D5ED00CB5936 /* FireBase */ = {
			isa = PBXGroup;
			children = (
				098091C52920D5ED00CB5936 /* GoogleService-Info.plist */,
			);
			path = FireBase;
			sourceTree = "<group>";
		};
		098091DA2920DE1200CB5936 /* Models */ = {
			isa = PBXGroup;
			children = (
				098091DB2920DE2700CB5936 /* WordModel.swift */,
			);
			path = Models;
			sourceTree = "<group>";
		};
		098091DD2920DF6C00CB5936 /* RealmManager */ = {
			isa = PBXGroup;
			children = (
				098091DE2920DF7E00CB5936 /* RealmManager.swift */,
			);
			path = RealmManager;
			sourceTree = "<group>";
		};
		098091E02920E08300CB5936 /* ViewControllers */ = {
			isa = PBXGroup;
			children = (
				098091E12920E09800CB5936 /* MainViewController */,
				098091E8292116C900CB5936 /* BaseViewController.swift */,
			);
			path = ViewControllers;
			sourceTree = "<group>";
		};
		098091E12920E09800CB5936 /* MainViewController */ = {
			isa = PBXGroup;
			children = (
				09B6D8D229228AE300215E43 /* ViewController */,
				098091EA2921524800CB5936 /* MainCells */,
			);
			path = MainViewController;
			sourceTree = "<group>";
		};
		098091E22921000D00CB5936 /* Graphics */ = {
			isa = PBXGroup;
			children = (
				098091BA2920D14800CB5936 /* LaunchScreen.storyboard */,
				098091B82920D14800CB5936 /* Assets.xcassets */,
			);
			path = Graphics;
			sourceTree = "<group>";
		};
		098091E52921009600CB5936 /* Coordinator */ = {
			isa = PBXGroup;
			children = (
				098091E6292100AD00CB5936 /* Coordinator.swift */,
			);
			path = Coordinator;
			sourceTree = "<group>";
		};
		098091EA2921524800CB5936 /* MainCells */ = {
			isa = PBXGroup;
			children = (
				098091EB2921525E00CB5936 /* MainViewControllerCell.swift */,
				098091ED29216E7A00CB5936 /* MainCellViewModel.swift */,
			);
			path = MainCells;
			sourceTree = "<group>";
		};
		09A03FA52923CD81004E610B /* Resources */ = {
			isa = PBXGroup;
			children = (
				098091E22921000D00CB5936 /* Graphics */,
				09A03FA72923CDB9004E610B /* Texts */,
				09A03FA62923CD9C004E610B /* Generated */,
			);
			path = Resources;
			sourceTree = "<group>";
		};
		09A03FA62923CD9C004E610B /* Generated */ = {
			isa = PBXGroup;
			children = (
				09A03FAA2923D382004E610B /* assets-images.swift */,
				09A03FAE2923D3C1004E610B /* strings.swift */,
			);
			path = Generated;
			sourceTree = "<group>";
		};
		09A03FA72923CDB9004E610B /* Texts */ = {
			isa = PBXGroup;
			children = (
				09A03FA82923CDD2004E610B /* Localizable.strings */,
			);
			path = Texts;
			sourceTree = "<group>";
		};
		09B6D8D229228AE300215E43 /* ViewController */ = {
			isa = PBXGroup;
			children = (
				098091B32920D14600CB5936 /* MainViewController.swift */,
				098091E32921006800CB5936 /* ViewControllerViewModel.swift */,
			);
			path = ViewController;
			sourceTree = "<group>";
		};
/* End PBXGroup section */

/* Begin PBXNativeTarget section */
		098091AB2920D14300CB5936 /* BlockedByEng */ = {
			isa = PBXNativeTarget;
			buildConfigurationList = 098091C02920D14800CB5936 /* Build configuration list for PBXNativeTarget "BlockedByEng" */;
			buildPhases = (
				098091A82920D14300CB5936 /* Sources */,
				098091A92920D14300CB5936 /* Frameworks */,
				098091AA2920D14300CB5936 /* Resources */,
				098091D42920D7B100CB5936 /* Crushlytics */,
				09A03FA32923C437004E610B /* Swiftgen */,
			);
			buildRules = (
			);
			dependencies = (
			);
			name = BlockedByEng;
			packageProductDependencies = (
				098091C82920D6A300CB5936 /* FirebaseAnalytics */,
				098091CA2920D6A300CB5936 /* FirebaseAuth */,
				098091CC2920D6A400CB5936 /* FirebaseCrashlytics */,
				098091CE2920D6A400CB5936 /* FirebaseDatabase */,
				098091D02920D6A400CB5936 /* FirebaseFirestore */,
				098091D22920D6A400CB5936 /* FirebaseStorage */,
				098091D62920DC1B00CB5936 /* Realm */,
				098091D82920DC1B00CB5936 /* RealmSwift */,
			);
			productName = BlockedByEng;
			productReference = 098091AC2920D14300CB5936 /* BlockedByEng.app */;
			productType = "com.apple.product-type.application";
		};
/* End PBXNativeTarget section */

/* Begin PBXProject section */
		098091A42920D14300CB5936 /* Project object */ = {
			isa = PBXProject;
			attributes = {
				BuildIndependentTargetsInParallel = 1;
				LastSwiftUpdateCheck = 1410;
				LastUpgradeCheck = 1410;
				TargetAttributes = {
					098091AB2920D14300CB5936 = {
						CreatedOnToolsVersion = 14.1;
					};
				};
			};
			buildConfigurationList = 098091A72920D14300CB5936 /* Build configuration list for PBXProject "BlockedByEng" */;
			compatibilityVersion = "Xcode 14.0";
			developmentRegion = en;
			hasScannedForEncodings = 0;
			knownRegions = (
				en,
				Base,
			);
			mainGroup = 098091A32920D14300CB5936;
			packageReferences = (
				098091C72920D6A300CB5936 /* XCRemoteSwiftPackageReference "firebase-ios-sdk" */,
				098091D52920DC1B00CB5936 /* XCRemoteSwiftPackageReference "realm-swift" */,
			);
			productRefGroup = 098091AD2920D14300CB5936 /* Products */;
			projectDirPath = "";
			projectRoot = "";
			targets = (
				098091AB2920D14300CB5936 /* BlockedByEng */,
			);
		};
/* End PBXProject section */

/* Begin PBXResourcesBuildPhase section */
		098091AA2920D14300CB5936 /* Resources */ = {
			isa = PBXResourcesBuildPhase;
			buildActionMask = 2147483647;
			files = (
				098091BC2920D14800CB5936 /* LaunchScreen.storyboard in Resources */,
				09A03FA92923CDD2004E610B /* Localizable.strings in Resources */,
				098091B92920D14800CB5936 /* Assets.xcassets in Resources */,
				098091C62920D5ED00CB5936 /* GoogleService-Info.plist in Resources */,
			);
			runOnlyForDeploymentPostprocessing = 0;
		};
/* End PBXResourcesBuildPhase section */

/* Begin PBXShellScriptBuildPhase section */
		098091D42920D7B100CB5936 /* Crushlytics */ = {
			isa = PBXShellScriptBuildPhase;
			buildActionMask = 2147483647;
			files = (
			);
			inputFileListPaths = (
			);
			inputPaths = (
				"${DWARF_DSYM_FOLDER_PATH}/${DWARF_DSYM_FILE_NAME}/Contents/Resources/DWARF/${TARGET_NAME}",
				"$(SRCROOT)/BlockedByEng/FireBase/GoogleService-Info.plist",
			);
			name = Crushlytics;
			outputFileListPaths = (
			);
			outputPaths = (
			);
			runOnlyForDeploymentPostprocessing = 0;
			shellPath = /bin/sh;
			shellScript = "# Type a script or drag a script file from your workspace to insert its path.\n\"${BUILD_DIR%/Build/*}/SourcePackages/checkouts/firebase-ios-sdk/Crashlytics/run\"\n";
		};
		09A03FA32923C437004E610B /* Swiftgen */ = {
			isa = PBXShellScriptBuildPhase;
			alwaysOutOfDate = 1;
			buildActionMask = 2147483647;
			files = (
			);
			inputFileListPaths = (
			);
			inputPaths = (
			);
			name = Swiftgen;
			outputFileListPaths = (
			);
			outputPaths = (
			);
			runOnlyForDeploymentPostprocessing = 0;
			shellPath = /bin/sh;
			shellScript = "# Type a script or drag a script file from your workspace to insert its path.\n${PROJECT_DIR}/SwiftGen/bin/swiftgen\n";
		};
/* End PBXShellScriptBuildPhase section */

/* Begin PBXSourcesBuildPhase section */
		098091A82920D14300CB5936 /* Sources */ = {
			isa = PBXSourcesBuildPhase;
			buildActionMask = 2147483647;
			files = (
				098091B42920D14600CB5936 /* MainViewController.swift in Sources */,
				098091EE29216E7A00CB5936 /* MainCellViewModel.swift in Sources */,
				09A03FAF2923D3C1004E610B /* strings.swift in Sources */,
				098091E42921006800CB5936 /* ViewControllerViewModel.swift in Sources */,
				098091B02920D14300CB5936 /* AppDelegate.swift in Sources */,
				09A03FAB2923D382004E610B /* assets-images.swift in Sources */,
				098091DF2920DF7E00CB5936 /* RealmManager.swift in Sources */,
				098091EC2921525E00CB5936 /* MainViewControllerCell.swift in Sources */,
				098091B22920D14600CB5936 /* SceneDelegate.swift in Sources */,
				098091E9292116C900CB5936 /* BaseViewController.swift in Sources */,
				098091DC2920DE2700CB5936 /* WordModel.swift in Sources */,
				098091E7292100AD00CB5936 /* Coordinator.swift in Sources */,
			);
			runOnlyForDeploymentPostprocessing = 0;
		};
/* End PBXSourcesBuildPhase section */

/* Begin PBXVariantGroup section */
		098091BA2920D14800CB5936 /* LaunchScreen.storyboard */ = {
			isa = PBXVariantGroup;
			children = (
				098091BB2920D14800CB5936 /* Base */,
			);
			name = LaunchScreen.storyboard;
			sourceTree = "<group>";
		};
/* End PBXVariantGroup section */

/* Begin XCBuildConfiguration section */
		098091BE2920D14800CB5936 /* Debug */ = {
			isa = XCBuildConfiguration;
			buildSettings = {
				ALWAYS_SEARCH_USER_PATHS = NO;
				CLANG_ANALYZER_NONNULL = YES;
				CLANG_ANALYZER_NUMBER_OBJECT_CONVERSION = YES_AGGRESSIVE;
				CLANG_CXX_LANGUAGE_STANDARD = "gnu++20";
				CLANG_ENABLE_MODULES = YES;
				CLANG_ENABLE_OBJC_ARC = YES;
				CLANG_ENABLE_OBJC_WEAK = YES;
				CLANG_WARN_BLOCK_CAPTURE_AUTORELEASING = YES;
				CLANG_WARN_BOOL_CONVERSION = YES;
				CLANG_WARN_COMMA = YES;
				CLANG_WARN_CONSTANT_CONVERSION = YES;
				CLANG_WARN_DEPRECATED_OBJC_IMPLEMENTATIONS = YES;
				CLANG_WARN_DIRECT_OBJC_ISA_USAGE = YES_ERROR;
				CLANG_WARN_DOCUMENTATION_COMMENTS = YES;
				CLANG_WARN_EMPTY_BODY = YES;
				CLANG_WARN_ENUM_CONVERSION = YES;
				CLANG_WARN_INFINITE_RECURSION = YES;
				CLANG_WARN_INT_CONVERSION = YES;
				CLANG_WARN_NON_LITERAL_NULL_CONVERSION = YES;
				CLANG_WARN_OBJC_IMPLICIT_RETAIN_SELF = YES;
				CLANG_WARN_OBJC_LITERAL_CONVERSION = YES;
				CLANG_WARN_OBJC_ROOT_CLASS = YES_ERROR;
				CLANG_WARN_QUOTED_INCLUDE_IN_FRAMEWORK_HEADER = YES;
				CLANG_WARN_RANGE_LOOP_ANALYSIS = YES;
				CLANG_WARN_STRICT_PROTOTYPES = YES;
				CLANG_WARN_SUSPICIOUS_MOVE = YES;
				CLANG_WARN_UNGUARDED_AVAILABILITY = YES_AGGRESSIVE;
				CLANG_WARN_UNREACHABLE_CODE = YES;
				CLANG_WARN__DUPLICATE_METHOD_MATCH = YES;
				COPY_PHASE_STRIP = NO;
				DEBUG_INFORMATION_FORMAT = "dwarf-with-dsym";
				ENABLE_STRICT_OBJC_MSGSEND = YES;
				ENABLE_TESTABILITY = YES;
				GCC_C_LANGUAGE_STANDARD = gnu11;
				GCC_DYNAMIC_NO_PIC = NO;
				GCC_NO_COMMON_BLOCKS = YES;
				GCC_OPTIMIZATION_LEVEL = 0;
				GCC_PREPROCESSOR_DEFINITIONS = (
					"DEBUG=1",
					"$(inherited)",
				);
				GCC_WARN_64_TO_32_BIT_CONVERSION = YES;
				GCC_WARN_ABOUT_RETURN_TYPE = YES_ERROR;
				GCC_WARN_UNDECLARED_SELECTOR = YES;
				GCC_WARN_UNINITIALIZED_AUTOS = YES_AGGRESSIVE;
				GCC_WARN_UNUSED_FUNCTION = YES;
				GCC_WARN_UNUSED_VARIABLE = YES;
				IPHONEOS_DEPLOYMENT_TARGET = 14.0;
				MTL_ENABLE_DEBUG_INFO = INCLUDE_SOURCE;
				MTL_FAST_MATH = YES;
				ONLY_ACTIVE_ARCH = YES;
				SDKROOT = iphoneos;
				SWIFT_ACTIVE_COMPILATION_CONDITIONS = DEBUG;
				SWIFT_OPTIMIZATION_LEVEL = "-Onone";
			};
			name = Debug;
		};
		098091BF2920D14800CB5936 /* Release */ = {
			isa = XCBuildConfiguration;
			buildSettings = {
				ALWAYS_SEARCH_USER_PATHS = NO;
				CLANG_ANALYZER_NONNULL = YES;
				CLANG_ANALYZER_NUMBER_OBJECT_CONVERSION = YES_AGGRESSIVE;
				CLANG_CXX_LANGUAGE_STANDARD = "gnu++20";
				CLANG_ENABLE_MODULES = YES;
				CLANG_ENABLE_OBJC_ARC = YES;
				CLANG_ENABLE_OBJC_WEAK = YES;
				CLANG_WARN_BLOCK_CAPTURE_AUTORELEASING = YES;
				CLANG_WARN_BOOL_CONVERSION = YES;
				CLANG_WARN_COMMA = YES;
				CLANG_WARN_CONSTANT_CONVERSION = YES;
				CLANG_WARN_DEPRECATED_OBJC_IMPLEMENTATIONS = YES;
				CLANG_WARN_DIRECT_OBJC_ISA_USAGE = YES_ERROR;
				CLANG_WARN_DOCUMENTATION_COMMENTS = YES;
				CLANG_WARN_EMPTY_BODY = YES;
				CLANG_WARN_ENUM_CONVERSION = YES;
				CLANG_WARN_INFINITE_RECURSION = YES;
				CLANG_WARN_INT_CONVERSION = YES;
				CLANG_WARN_NON_LITERAL_NULL_CONVERSION = YES;
				CLANG_WARN_OBJC_IMPLICIT_RETAIN_SELF = YES;
				CLANG_WARN_OBJC_LITERAL_CONVERSION = YES;
				CLANG_WARN_OBJC_ROOT_CLASS = YES_ERROR;
				CLANG_WARN_QUOTED_INCLUDE_IN_FRAMEWORK_HEADER = YES;
				CLANG_WARN_RANGE_LOOP_ANALYSIS = YES;
				CLANG_WARN_STRICT_PROTOTYPES = YES;
				CLANG_WARN_SUSPICIOUS_MOVE = YES;
				CLANG_WARN_UNGUARDED_AVAILABILITY = YES_AGGRESSIVE;
				CLANG_WARN_UNREACHABLE_CODE = YES;
				CLANG_WARN__DUPLICATE_METHOD_MATCH = YES;
				COPY_PHASE_STRIP = NO;
				DEBUG_INFORMATION_FORMAT = "dwarf-with-dsym";
				ENABLE_NS_ASSERTIONS = NO;
				ENABLE_STRICT_OBJC_MSGSEND = YES;
				GCC_C_LANGUAGE_STANDARD = gnu11;
				GCC_NO_COMMON_BLOCKS = YES;
				GCC_WARN_64_TO_32_BIT_CONVERSION = YES;
				GCC_WARN_ABOUT_RETURN_TYPE = YES_ERROR;
				GCC_WARN_UNDECLARED_SELECTOR = YES;
				GCC_WARN_UNINITIALIZED_AUTOS = YES_AGGRESSIVE;
				GCC_WARN_UNUSED_FUNCTION = YES;
				GCC_WARN_UNUSED_VARIABLE = YES;
				IPHONEOS_DEPLOYMENT_TARGET = 14.0;
				MTL_ENABLE_DEBUG_INFO = NO;
				MTL_FAST_MATH = YES;
				SDKROOT = iphoneos;
				SWIFT_COMPILATION_MODE = wholemodule;
				SWIFT_OPTIMIZATION_LEVEL = "-O";
				VALIDATE_PRODUCT = YES;
			};
			name = Release;
		};
		098091C12920D14800CB5936 /* Debug */ = {
			isa = XCBuildConfiguration;
			buildSettings = {
				ASSETCATALOG_COMPILER_APPICON_NAME = AppIcon;
				ASSETCATALOG_COMPILER_GLOBAL_ACCENT_COLOR_NAME = AccentColor;
				CODE_SIGN_ENTITLEMENTS = BlockedByEng/BlockedByEng.entitlements;
				CODE_SIGN_IDENTITY = "Apple Development";
				CODE_SIGN_STYLE = Automatic;
				CURRENT_PROJECT_VERSION = 1;
				DEBUG_INFORMATION_FORMAT = "dwarf-with-dsym";
				DEVELOPMENT_TEAM = JM2LZTGHNA;
				GENERATE_INFOPLIST_FILE = YES;
				INFOPLIST_FILE = BlockedByEng/Info.plist;
				INFOPLIST_KEY_LSApplicationCategoryType = "public.app-category.education";
				INFOPLIST_KEY_UIApplicationSupportsIndirectInputEvents = YES;
				INFOPLIST_KEY_UILaunchStoryboardName = LaunchScreen;
				INFOPLIST_KEY_UISupportedInterfaceOrientations = UIInterfaceOrientationPortrait;
				IPHONEOS_DEPLOYMENT_TARGET = 14.0;
				LD_RUNPATH_SEARCH_PATHS = (
					"$(inherited)",
					"@executable_path/Frameworks",
				);
				MARKETING_VERSION = 1.0;
				PRODUCT_BUNDLE_IDENTIFIER = com.SergeiVeretennikov.BlockedByEng12;
				PRODUCT_NAME = "$(TARGET_NAME)";
				PROVISIONING_PROFILE_SPECIFIER = "";
				SWIFT_EMIT_LOC_STRINGS = YES;
				SWIFT_VERSION = 5.0;
				TARGETED_DEVICE_FAMILY = "1,2";
			};
			name = Debug;
		};
		098091C22920D14800CB5936 /* Release */ = {
			isa = XCBuildConfiguration;
			buildSettings = {
				ASSETCATALOG_COMPILER_APPICON_NAME = AppIcon;
				ASSETCATALOG_COMPILER_GLOBAL_ACCENT_COLOR_NAME = AccentColor;
				CODE_SIGN_ENTITLEMENTS = BlockedByEng/BlockedByEng.entitlements;
				CODE_SIGN_IDENTITY = "Apple Development";
				CODE_SIGN_STYLE = Automatic;
				CURRENT_PROJECT_VERSION = 1;
				DEVELOPMENT_TEAM = JM2LZTGHNA;
				GENERATE_INFOPLIST_FILE = YES;
				INFOPLIST_FILE = BlockedByEng/Info.plist;
				INFOPLIST_KEY_LSApplicationCategoryType = "public.app-category.education";
				INFOPLIST_KEY_UIApplicationSupportsIndirectInputEvents = YES;
				INFOPLIST_KEY_UILaunchStoryboardName = LaunchScreen;
				INFOPLIST_KEY_UISupportedInterfaceOrientations = UIInterfaceOrientationPortrait;
				IPHONEOS_DEPLOYMENT_TARGET = 14.0;
				LD_RUNPATH_SEARCH_PATHS = (
					"$(inherited)",
					"@executable_path/Frameworks",
				);
				MARKETING_VERSION = 1.0;
				PRODUCT_BUNDLE_IDENTIFIER = com.SergeiVeretennikov.BlockedByEng12;
				PRODUCT_NAME = "$(TARGET_NAME)";
				PROVISIONING_PROFILE_SPECIFIER = "";
				SWIFT_EMIT_LOC_STRINGS = YES;
				SWIFT_VERSION = 5.0;
				TARGETED_DEVICE_FAMILY = "1,2";
			};
			name = Release;
		};
/* End XCBuildConfiguration section */

/* Begin XCConfigurationList section */
		098091A72920D14300CB5936 /* Build configuration list for PBXProject "BlockedByEng" */ = {
			isa = XCConfigurationList;
			buildConfigurations = (
				098091BE2920D14800CB5936 /* Debug */,
				098091BF2920D14800CB5936 /* Release */,
			);
			defaultConfigurationIsVisible = 0;
			defaultConfigurationName = Release;
		};
		098091C02920D14800CB5936 /* Build configuration list for PBXNativeTarget "BlockedByEng" */ = {
			isa = XCConfigurationList;
			buildConfigurations = (
				098091C12920D14800CB5936 /* Debug */,
				098091C22920D14800CB5936 /* Release */,
			);
			defaultConfigurationIsVisible = 0;
			defaultConfigurationName = Release;
		};
/* End XCConfigurationList section */

/* Begin XCRemoteSwiftPackageReference section */
		098091C72920D6A300CB5936 /* XCRemoteSwiftPackageReference "firebase-ios-sdk" */ = {
			isa = XCRemoteSwiftPackageReference;
			repositoryURL = "https://github.com/firebase/firebase-ios-sdk";
			requirement = {
				kind = exactVersion;
				version = 9.6.0;
			};
		};
		098091D52920DC1B00CB5936 /* XCRemoteSwiftPackageReference "realm-swift" */ = {
			isa = XCRemoteSwiftPackageReference;
			repositoryURL = "https://github.com/realm/realm-swift.git";
			requirement = {
				branch = master;
				kind = branch;
			};
		};
/* End XCRemoteSwiftPackageReference section */

/* Begin XCSwiftPackageProductDependency section */
		098091C82920D6A300CB5936 /* FirebaseAnalytics */ = {
			isa = XCSwiftPackageProductDependency;
			package = 098091C72920D6A300CB5936 /* XCRemoteSwiftPackageReference "firebase-ios-sdk" */;
			productName = FirebaseAnalytics;
		};
		098091CA2920D6A300CB5936 /* FirebaseAuth */ = {
			isa = XCSwiftPackageProductDependency;
			package = 098091C72920D6A300CB5936 /* XCRemoteSwiftPackageReference "firebase-ios-sdk" */;
			productName = FirebaseAuth;
		};
		098091CC2920D6A400CB5936 /* FirebaseCrashlytics */ = {
			isa = XCSwiftPackageProductDependency;
			package = 098091C72920D6A300CB5936 /* XCRemoteSwiftPackageReference "firebase-ios-sdk" */;
			productName = FirebaseCrashlytics;
		};
		098091CE2920D6A400CB5936 /* FirebaseDatabase */ = {
			isa = XCSwiftPackageProductDependency;
			package = 098091C72920D6A300CB5936 /* XCRemoteSwiftPackageReference "firebase-ios-sdk" */;
			productName = FirebaseDatabase;
		};
		098091D02920D6A400CB5936 /* FirebaseFirestore */ = {
			isa = XCSwiftPackageProductDependency;
			package = 098091C72920D6A300CB5936 /* XCRemoteSwiftPackageReference "firebase-ios-sdk" */;
			productName = FirebaseFirestore;
		};
		098091D22920D6A400CB5936 /* FirebaseStorage */ = {
			isa = XCSwiftPackageProductDependency;
			package = 098091C72920D6A300CB5936 /* XCRemoteSwiftPackageReference "firebase-ios-sdk" */;
			productName = FirebaseStorage;
		};
		098091D62920DC1B00CB5936 /* Realm */ = {
			isa = XCSwiftPackageProductDependency;
			package = 098091D52920DC1B00CB5936 /* XCRemoteSwiftPackageReference "realm-swift" */;
			productName = Realm;
		};
		098091D82920DC1B00CB5936 /* RealmSwift */ = {
			isa = XCSwiftPackageProductDependency;
			package = 098091D52920DC1B00CB5936 /* XCRemoteSwiftPackageReference "realm-swift" */;
			productName = RealmSwift;
		};
/* End XCSwiftPackageProductDependency section */
	};
	rootObject = 098091A42920D14300CB5936 /* Project object */;
}
